
Microsoft Visual Studio Solution File, Format Version 12.00
# Visual Studio Version 16
VisualStudioVersion = 16.0.35425.106
MinimumVisualStudioVersion = 10.0.40219.1
Project("{FAE04EC0-301F-11D3-BF4B-00C04F79EFBC}") = "InwardPolicy.Core.App", "InwardPolicy.Core.App\InwardPolicy.Core.App.csproj", "{AAB31ADA-7AFD-41FF-8106-7CBB08A3100C}"
EndProject
Project("{FAE04EC0-301F-11D3-BF4B-00C04F79EFBC}") = "InwardPolicy.Core.Api", "InwardPolicy.Core.Api\InwardPolicy.Core.Api.csproj", "{A5845888-4485-4AD9-A6BA-4C51C3720EA2}"
EndProject
Project("{FAE04EC0-301F-11D3-BF4B-00C04F79EFBC}") = "InwardPolicy.DataAccessLayer", "InwardPolicy.DataAccessLayer\InwardPolicy.DataAccessLayer.csproj", "{FE7C60B5-EB70-4D25-A833-6F9ECA3901CF}"
EndProject
Project("{FAE04EC0-301F-11D3-BF4B-00C04F79EFBC}") = "InwardPolicy.BusinessLayer", "InwardPolicy.BusinessLayer\InwardPolicy.BusinessLayer.csproj", "{CADD551F-7AEE-4289-B94A-A6C8035AC014}"
EndProject
Project("{FAE04EC0-301F-11D3-BF4B-00C04F79EFBC}") = "InwardPolicy.BusinessEntity", "InwardPolicy.BusinessEntity\InwardPolicy.BusinessEntity.csproj", "{06EA43D2-C5E5-4B5C-A337-5BB13DE4FDFA}"
EndProject
Global
	GlobalSection(SolutionConfigurationPlatforms) = preSolution
		Debug|Any CPU = Debug|Any CPU
		Release|Any CPU = Release|Any CPU
	EndGlobalSection
	GlobalSection(ProjectConfigurationPlatforms) = postSolution
		{AAB31ADA-7AFD-41FF-8106-7CBB08A3100C}.Debug|Any CPU.ActiveCfg = Debug|Any CPU
		{AAB31ADA-7AFD-41FF-8106-7CBB08A3100C}.Debug|Any CPU.Build.0 = Debug|Any CPU
		{AAB31ADA-7AFD-41FF-8106-7CBB08A3100C}.Release|Any CPU.ActiveCfg = Release|Any CPU
		{AAB31ADA-7AFD-41FF-8106-7CBB08A3100C}.Release|Any CPU.Build.0 = Release|Any CPU
		{A5845888-4485-4AD9-A6BA-4C51C3720EA2}.Debug|Any CPU.ActiveCfg = Debug|Any CPU
		{A5845888-4485-4AD9-A6BA-4C51C3720EA2}.Debug|Any CPU.Build.0 = Debug|Any CPU
		{A5845888-4485-4AD9-A6BA-4C51C3720EA2}.Release|Any CPU.ActiveCfg = Release|Any CPU
		{A5845888-4485-4AD9-A6BA-4C51C3720EA2}.Release|Any CPU.Build.0 = Release|Any CPU
		{FE7C60B5-EB70-4D25-A833-6F9ECA3901CF}.Debug|Any CPU.ActiveCfg = Debug|Any CPU
		{FE7C60B5-EB70-4D25-A833-6F9ECA3901CF}.Debug|Any CPU.Build.0 = Debug|Any CPU
		{FE7C60B5-EB70-4D25-A833-6F9ECA3901CF}.Release|Any CPU.ActiveCfg = Release|Any CPU
		{FE7C60B5-EB70-4D25-A833-6F9ECA3901CF}.Release|Any CPU.Build.0 = Release|Any CPU
		{CADD551F-7AEE-4289-B94A-A6C8035AC014}.Debug|Any CPU.ActiveCfg = Debug|Any CPU
		{CADD551F-7AEE-4289-B94A-A6C8035AC014}.Debug|Any CPU.Build.0 = Debug|Any CPU
		{CADD551F-7AEE-4289-B94A-A6C8035AC014}.Release|Any CPU.ActiveCfg = Release|Any CPU
		{CADD551F-7AEE-4289-B94A-A6C8035AC014}.Release|Any CPU.Build.0 = Release|Any CPU
		{06EA43D2-C5E5-4B5C-A337-5BB13DE4FDFA}.Debug|Any CPU.ActiveCfg = Debug|Any CPU
		{06EA43D2-C5E5-4B5C-A337-5BB13DE4FDFA}.Debug|Any CPU.Build.0 = Debug|Any CPU
		{06EA43D2-C5E5-4B5C-A337-5BB13DE4FDFA}.Release|Any CPU.ActiveCfg = Release|Any CPU
		{06EA43D2-C5E5-4B5C-A337-5BB13DE4FDFA}.Release|Any CPU.Build.0 = Release|Any CPU
	EndGlobalSection
	GlobalSection(SolutionProperties) = preSolution
		HideSolutionNode = FALSE
	EndGlobalSection
	GlobalSection(ExtensibilityGlobals) = postSolution
		SolutionGuid = {15DB745C-581A-40C4-8B40-411079AD3A02}
	EndGlobalSection
EndGlobal
